// !$*UTF8*$!
{
	archiveVersion = 1;
	classes = {
	};
	objectVersion = 46;
	objects = {

/* Begin PBXBuildFile section */
		5BC113F61C72D51B000555E0 /* MyFoodListViewController.swift in Sources */ = {isa = PBXBuildFile; fileRef = 5BC113F51C72D51B000555E0 /* MyFoodListViewController.swift */; };
		5BC113F81C72D971000555E0 /* MyFoodDetailViewController.swift in Sources */ = {isa = PBXBuildFile; fileRef = 5BC113F71C72D971000555E0 /* MyFoodDetailViewController.swift */; };
		5BD4BE801C71951A005DDA23 /* AppDelegate.swift in Sources */ = {isa = PBXBuildFile; fileRef = 5BD4BE7F1C71951A005DDA23 /* AppDelegate.swift */; };
		5BD4BE821C71951A005DDA23 /* ViewController.swift in Sources */ = {isa = PBXBuildFile; fileRef = 5BD4BE811C71951A005DDA23 /* ViewController.swift */; };
		5BD4BE851C71951A005DDA23 /* Main.storyboard in Resources */ = {isa = PBXBuildFile; fileRef = 5BD4BE831C71951A005DDA23 /* Main.storyboard */; };
		5BD4BE871C71951A005DDA23 /* Assets.xcassets in Resources */ = {isa = PBXBuildFile; fileRef = 5BD4BE861C71951A005DDA23 /* Assets.xcassets */; };
		5BD4BE8A1C71951A005DDA23 /* LaunchScreen.storyboard in Resources */ = {isa = PBXBuildFile; fileRef = 5BD4BE881C71951A005DDA23 /* LaunchScreen.storyboard */; };
		5BD4BE951C71951A005DDA23 /* MyAppTestTests.swift in Sources */ = {isa = PBXBuildFile; fileRef = 5BD4BE941C71951A005DDA23 /* MyAppTestTests.swift */; };
		5BD4BEA01C71951A005DDA23 /* MyAppTestUITests.swift in Sources */ = {isa = PBXBuildFile; fileRef = 5BD4BE9F1C71951A005DDA23 /* MyAppTestUITests.swift */; };
		5BD4BEDD1C7199B4005DDA23 /* AFHTTPSessionManager.m in Sources */ = {isa = PBXBuildFile; fileRef = 5BD4BED21C7199B4005DDA23 /* AFHTTPSessionManager.m */; };
		5BD4BEDE1C7199B4005DDA23 /* AFNetworkReachabilityManager.m in Sources */ = {isa = PBXBuildFile; fileRef = 5BD4BED41C7199B4005DDA23 /* AFNetworkReachabilityManager.m */; };
		5BD4BEDF1C7199B4005DDA23 /* AFSecurityPolicy.m in Sources */ = {isa = PBXBuildFile; fileRef = 5BD4BED61C7199B4005DDA23 /* AFSecurityPolicy.m */; };
		5BD4BEE01C7199B4005DDA23 /* AFURLRequestSerialization.m in Sources */ = {isa = PBXBuildFile; fileRef = 5BD4BED81C7199B4005DDA23 /* AFURLRequestSerialization.m */; };
		5BD4BEE11C7199B4005DDA23 /* AFURLResponseSerialization.m in Sources */ = {isa = PBXBuildFile; fileRef = 5BD4BEDA1C7199B4005DDA23 /* AFURLResponseSerialization.m */; };
		5BD4BEE21C7199B4005DDA23 /* AFURLSessionManager.m in Sources */ = {isa = PBXBuildFile; fileRef = 5BD4BEDC1C7199B4005DDA23 /* AFURLSessionManager.m */; };
		5BDA1E061C72208B00C37AAB /* AFAutoPurgingImageCache.m in Sources */ = {isa = PBXBuildFile; fileRef = 5BDA1DF31C72208B00C37AAB /* AFAutoPurgingImageCache.m */; };
		5BDA1E071C72208B00C37AAB /* AFImageDownloader.m in Sources */ = {isa = PBXBuildFile; fileRef = 5BDA1DF51C72208B00C37AAB /* AFImageDownloader.m */; };
		5BDA1E081C72208B00C37AAB /* AFNetworkActivityIndicatorManager.m in Sources */ = {isa = PBXBuildFile; fileRef = 5BDA1DF71C72208B00C37AAB /* AFNetworkActivityIndicatorManager.m */; };
		5BDA1E091C72208B00C37AAB /* UIActivityIndicatorView+AFNetworking.m in Sources */ = {isa = PBXBuildFile; fileRef = 5BDA1DF91C72208B00C37AAB /* UIActivityIndicatorView+AFNetworking.m */; };
		5BDA1E0A1C72208B00C37AAB /* UIButton+AFNetworking.m in Sources */ = {isa = PBXBuildFile; fileRef = 5BDA1DFB1C72208B00C37AAB /* UIButton+AFNetworking.m */; };
		5BDA1E0B1C72208B00C37AAB /* UIImageView+AFNetworking.m in Sources */ = {isa = PBXBuildFile; fileRef = 5BDA1DFE1C72208B00C37AAB /* UIImageView+AFNetworking.m */; };
		5BDA1E0C1C72208B00C37AAB /* UIProgressView+AFNetworking.m in Sources */ = {isa = PBXBuildFile; fileRef = 5BDA1E011C72208B00C37AAB /* UIProgressView+AFNetworking.m */; };
		5BDA1E0D1C72208B00C37AAB /* UIRefreshControl+AFNetworking.m in Sources */ = {isa = PBXBuildFile; fileRef = 5BDA1E031C72208B00C37AAB /* UIRefreshControl+AFNetworking.m */; };
		5BDA1E0E1C72208B00C37AAB /* UIWebView+AFNetworking.m in Sources */ = {isa = PBXBuildFile; fileRef = 5BDA1E051C72208B00C37AAB /* UIWebView+AFNetworking.m */; };
		5BE2CA931C71AB94007D9841 /* MyHTTPManager.swift in Sources */ = {isa = PBXBuildFile; fileRef = 5BE2CA921C71AB94007D9841 /* MyHTTPManager.swift */; };
		5BE2CA951C71DAA9007D9841 /* MyCookcate.swift in Sources */ = {isa = PBXBuildFile; fileRef = 5BE2CA941C71DAA9007D9841 /* MyCookcate.swift */; };
		5BE2CA9C1C71E9F0007D9841 /* MySecondCookcateViewController.swift in Sources */ = {isa = PBXBuildFile; fileRef = 5BE2CA9B1C71E9F0007D9841 /* MySecondCookcateViewController.swift */; };
		5BE2CA9E1C71EE91007D9841 /* MyCookBookListViewController.swift in Sources */ = {isa = PBXBuildFile; fileRef = 5BE2CA9D1C71EE91007D9841 /* MyCookBookListViewController.swift */; };
		5BE2CAA01C71F1A4007D9841 /* MyCookBook.swift in Sources */ = {isa = PBXBuildFile; fileRef = 5BE2CA9F1C71F1A4007D9841 /* MyCookBook.swift */; };
		5BE2CAA21C71FD04007D9841 /* MyCookBookDetailViewController.swift in Sources */ = {isa = PBXBuildFile; fileRef = 5BE2CAA11C71FD04007D9841 /* MyCookBookDetailViewController.swift */; };
		5BF4898E1C7F3EF5002A18F5 /* MyCookBookListItemCell.swift in Sources */ = {isa = PBXBuildFile; fileRef = 5BF4898D1C7F3EF5002A18F5 /* MyCookBookListItemCell.swift */; };
/* End PBXBuildFile section */

/* Begin PBXContainerItemProxy section */
		5BD4BE911C71951A005DDA23 /* PBXContainerItemProxy */ = {
			isa = PBXContainerItemProxy;
			containerPortal = 5BD4BE741C71951A005DDA23 /* Project object */;
			proxyType = 1;
			remoteGlobalIDString = 5BD4BE7B1C71951A005DDA23;
			remoteInfo = MyAppTest;
		};
		5BD4BE9C1C71951A005DDA23 /* PBXContainerItemProxy */ = {
			isa = PBXContainerItemProxy;
			containerPortal = 5BD4BE741C71951A005DDA23 /* Project object */;
			proxyType = 1;
			remoteGlobalIDString = 5BD4BE7B1C71951A005DDA23;
			remoteInfo = MyAppTest;
		};
/* End PBXContainerItemProxy section */

/* Begin PBXFileReference section */
		5BC113F51C72D51B000555E0 /* MyFoodListViewController.swift */ = {isa = PBXFileReference; fileEncoding = 4; lastKnownFileType = sourcecode.swift; path = MyFoodListViewController.swift; sourceTree = "<group>"; };
		5BC113F71C72D971000555E0 /* MyFoodDetailViewController.swift */ = {isa = PBXFileReference; fileEncoding = 4; lastKnownFileType = sourcecode.swift; path = MyFoodDetailViewController.swift; sourceTree = "<group>"; };
		5BD4BE7C1C71951A005DDA23 /* MyAppTest.app */ = {isa = PBXFileReference; explicitFileType = wrapper.application; includeInIndex = 0; path = MyAppTest.app; sourceTree = BUILT_PRODUCTS_DIR; };
		5BD4BE7F1C71951A005DDA23 /* AppDelegate.swift */ = {isa = PBXFileReference; lastKnownFileType = sourcecode.swift; path = AppDelegate.swift; sourceTree = "<group>"; };
		5BD4BE811C71951A005DDA23 /* ViewController.swift */ = {isa = PBXFileReference; lastKnownFileType = sourcecode.swift; path = ViewController.swift; sourceTree = "<group>"; };
		5BD4BE841C71951A005DDA23 /* Base */ = {isa = PBXFileReference; lastKnownFileType = file.storyboard; name = Base; path = Base.lproj/Main.storyboard; sourceTree = "<group>"; };
		5BD4BE861C71951A005DDA23 /* Assets.xcassets */ = {isa = PBXFileReference; lastKnownFileType = folder.assetcatalog; path = Assets.xcassets; sourceTree = "<group>"; };
		5BD4BE891C71951A005DDA23 /* Base */ = {isa = PBXFileReference; lastKnownFileType = file.storyboard; name = Base; path = Base.lproj/LaunchScreen.storyboard; sourceTree = "<group>"; };
		5BD4BE8B1C71951A005DDA23 /* Info.plist */ = {isa = PBXFileReference; lastKnownFileType = text.plist.xml; path = Info.plist; sourceTree = "<group>"; };
		5BD4BE901C71951A005DDA23 /* MyAppTestTests.xctest */ = {isa = PBXFileReference; explicitFileType = wrapper.cfbundle; includeInIndex = 0; path = MyAppTestTests.xctest; sourceTree = BUILT_PRODUCTS_DIR; };
		5BD4BE941C71951A005DDA23 /* MyAppTestTests.swift */ = {isa = PBXFileReference; lastKnownFileType = sourcecode.swift; path = MyAppTestTests.swift; sourceTree = "<group>"; };
		5BD4BE961C71951A005DDA23 /* Info.plist */ = {isa = PBXFileReference; lastKnownFileType = text.plist.xml; path = Info.plist; sourceTree = "<group>"; };
		5BD4BE9B1C71951A005DDA23 /* MyAppTestUITests.xctest */ = {isa = PBXFileReference; explicitFileType = wrapper.cfbundle; includeInIndex = 0; path = MyAppTestUITests.xctest; sourceTree = BUILT_PRODUCTS_DIR; };
		5BD4BE9F1C71951A005DDA23 /* MyAppTestUITests.swift */ = {isa = PBXFileReference; lastKnownFileType = sourcecode.swift; path = MyAppTestUITests.swift; sourceTree = "<group>"; };
		5BD4BEA11C71951A005DDA23 /* Info.plist */ = {isa = PBXFileReference; lastKnownFileType = text.plist.xml; path = Info.plist; sourceTree = "<group>"; };
		5BD4BECC1C719982005DDA23 /* MyAppTest-Bridging-Header.h */ = {isa = PBXFileReference; lastKnownFileType = sourcecode.c.h; path = "MyAppTest-Bridging-Header.h"; sourceTree = "<group>"; };
		5BD4BED11C7199B4005DDA23 /* AFHTTPSessionManager.h */ = {isa = PBXFileReference; fileEncoding = 4; lastKnownFileType = sourcecode.c.h; path = AFHTTPSessionManager.h; sourceTree = "<group>"; };
		5BD4BED21C7199B4005DDA23 /* AFHTTPSessionManager.m */ = {isa = PBXFileReference; fileEncoding = 4; lastKnownFileType = sourcecode.c.objc; path = AFHTTPSessionManager.m; sourceTree = "<group>"; };
		5BD4BED31C7199B4005DDA23 /* AFNetworkReachabilityManager.h */ = {isa = PBXFileReference; fileEncoding = 4; lastKnownFileType = sourcecode.c.h; path = AFNetworkReachabilityManager.h; sourceTree = "<group>"; };
		5BD4BED41C7199B4005DDA23 /* AFNetworkReachabilityManager.m */ = {isa = PBXFileReference; fileEncoding = 4; lastKnownFileType = sourcecode.c.objc; path = AFNetworkReachabilityManager.m; sourceTree = "<group>"; };
		5BD4BED51C7199B4005DDA23 /* AFSecurityPolicy.h */ = {isa = PBXFileReference; fileEncoding = 4; lastKnownFileType = sourcecode.c.h; path = AFSecurityPolicy.h; sourceTree = "<group>"; };
		5BD4BED61C7199B4005DDA23 /* AFSecurityPolicy.m */ = {isa = PBXFileReference; fileEncoding = 4; lastKnownFileType = sourcecode.c.objc; path = AFSecurityPolicy.m; sourceTree = "<group>"; };
		5BD4BED71C7199B4005DDA23 /* AFURLRequestSerialization.h */ = {isa = PBXFileReference; fileEncoding = 4; lastKnownFileType = sourcecode.c.h; path = AFURLRequestSerialization.h; sourceTree = "<group>"; };
		5BD4BED81C7199B4005DDA23 /* AFURLRequestSerialization.m */ = {isa = PBXFileReference; fileEncoding = 4; lastKnownFileType = sourcecode.c.objc; path = AFURLRequestSerialization.m; sourceTree = "<group>"; };
		5BD4BED91C7199B4005DDA23 /* AFURLResponseSerialization.h */ = {isa = PBXFileReference; fileEncoding = 4; lastKnownFileType = sourcecode.c.h; path = AFURLResponseSerialization.h; sourceTree = "<group>"; };
		5BD4BEDA1C7199B4005DDA23 /* AFURLResponseSerialization.m */ = {isa = PBXFileReference; fileEncoding = 4; lastKnownFileType = sourcecode.c.objc; path = AFURLResponseSerialization.m; sourceTree = "<group>"; };
		5BD4BEDB1C7199B4005DDA23 /* AFURLSessionManager.h */ = {isa = PBXFileReference; fileEncoding = 4; lastKnownFileType = sourcecode.c.h; path = AFURLSessionManager.h; sourceTree = "<group>"; };
		5BD4BEDC1C7199B4005DDA23 /* AFURLSessionManager.m */ = {isa = PBXFileReference; fileEncoding = 4; lastKnownFileType = sourcecode.c.objc; path = AFURLSessionManager.m; sourceTree = "<group>"; };
		5BDA1DF21C72208B00C37AAB /* AFAutoPurgingImageCache.h */ = {isa = PBXFileReference; fileEncoding = 4; lastKnownFileType = sourcecode.c.h; path = AFAutoPurgingImageCache.h; sourceTree = "<group>"; };
		5BDA1DF31C72208B00C37AAB /* AFAutoPurgingImageCache.m */ = {isa = PBXFileReference; fileEncoding = 4; lastKnownFileType = sourcecode.c.objc; path = AFAutoPurgingImageCache.m; sourceTree = "<group>"; };
		5BDA1DF41C72208B00C37AAB /* AFImageDownloader.h */ = {isa = PBXFileReference; fileEncoding = 4; lastKnownFileType = sourcecode.c.h; path = AFImageDownloader.h; sourceTree = "<group>"; };
		5BDA1DF51C72208B00C37AAB /* AFImageDownloader.m */ = {isa = PBXFileReference; fileEncoding = 4; lastKnownFileType = sourcecode.c.objc; path = AFImageDownloader.m; sourceTree = "<group>"; };
		5BDA1DF61C72208B00C37AAB /* AFNetworkActivityIndicatorManager.h */ = {isa = PBXFileReference; fileEncoding = 4; lastKnownFileType = sourcecode.c.h; path = AFNetworkActivityIndicatorManager.h; sourceTree = "<group>"; };
		5BDA1DF71C72208B00C37AAB /* AFNetworkActivityIndicatorManager.m */ = {isa = PBXFileReference; fileEncoding = 4; lastKnownFileType = sourcecode.c.objc; path = AFNetworkActivityIndicatorManager.m; sourceTree = "<group>"; };
		5BDA1DF81C72208B00C37AAB /* UIActivityIndicatorView+AFNetworking.h */ = {isa = PBXFileReference; fileEncoding = 4; lastKnownFileType = sourcecode.c.h; path = "UIActivityIndicatorView+AFNetworking.h"; sourceTree = "<group>"; };
		5BDA1DF91C72208B00C37AAB /* UIActivityIndicatorView+AFNetworking.m */ = {isa = PBXFileReference; fileEncoding = 4; lastKnownFileType = sourcecode.c.objc; path = "UIActivityIndicatorView+AFNetworking.m"; sourceTree = "<group>"; };
		5BDA1DFA1C72208B00C37AAB /* UIButton+AFNetworking.h */ = {isa = PBXFileReference; fileEncoding = 4; lastKnownFileType = sourcecode.c.h; path = "UIButton+AFNetworking.h"; sourceTree = "<group>"; };
		5BDA1DFB1C72208B00C37AAB /* UIButton+AFNetworking.m */ = {isa = PBXFileReference; fileEncoding = 4; lastKnownFileType = sourcecode.c.objc; path = "UIButton+AFNetworking.m"; sourceTree = "<group>"; };
		5BDA1DFC1C72208B00C37AAB /* UIImage+AFNetworking.h */ = {isa = PBXFileReference; fileEncoding = 4; lastKnownFileType = sourcecode.c.h; path = "UIImage+AFNetworking.h"; sourceTree = "<group>"; };
		5BDA1DFD1C72208B00C37AAB /* UIImageView+AFNetworking.h */ = {isa = PBXFileReference; fileEncoding = 4; lastKnownFileType = sourcecode.c.h; path = "UIImageView+AFNetworking.h"; sourceTree = "<group>"; };
		5BDA1DFE1C72208B00C37AAB /* UIImageView+AFNetworking.m */ = {isa = PBXFileReference; fileEncoding = 4; lastKnownFileType = sourcecode.c.objc; path = "UIImageView+AFNetworking.m"; sourceTree = "<group>"; };
		5BDA1DFF1C72208B00C37AAB /* UIKit+AFNetworking.h */ = {isa = PBXFileReference; fileEncoding = 4; lastKnownFileType = sourcecode.c.h; path = "UIKit+AFNetworking.h"; sourceTree = "<group>"; };
		5BDA1E001C72208B00C37AAB /* UIProgressView+AFNetworking.h */ = {isa = PBXFileReference; fileEncoding = 4; lastKnownFileType = sourcecode.c.h; path = "UIProgressView+AFNetworking.h"; sourceTree = "<group>"; };
		5BDA1E011C72208B00C37AAB /* UIProgressView+AFNetworking.m */ = {isa = PBXFileReference; fileEncoding = 4; lastKnownFileType = sourcecode.c.objc; path = "UIProgressView+AFNetworking.m"; sourceTree = "<group>"; };
		5BDA1E021C72208B00C37AAB /* UIRefreshControl+AFNetworking.h */ = {isa = PBXFileReference; fileEncoding = 4; lastKnownFileType = sourcecode.c.h; path = "UIRefreshControl+AFNetworking.h"; sourceTree = "<group>"; };
		5BDA1E031C72208B00C37AAB /* UIRefreshControl+AFNetworking.m */ = {isa = PBXFileReference; fileEncoding = 4; lastKnownFileType = sourcecode.c.objc; path = "UIRefreshControl+AFNetworking.m"; sourceTree = "<group>"; };
		5BDA1E041C72208B00C37AAB /* UIWebView+AFNetworking.h */ = {isa = PBXFileReference; fileEncoding = 4; lastKnownFileType = sourcecode.c.h; path = "UIWebView+AFNetworking.h"; sourceTree = "<group>"; };
		5BDA1E051C72208B00C37AAB /* UIWebView+AFNetworking.m */ = {isa = PBXFileReference; fileEncoding = 4; lastKnownFileType = sourcecode.c.objc; path = "UIWebView+AFNetworking.m"; sourceTree = "<group>"; };
		5BE2CA921C71AB94007D9841 /* MyHTTPManager.swift */ = {isa = PBXFileReference; fileEncoding = 4; lastKnownFileType = sourcecode.swift; path = MyHTTPManager.swift; sourceTree = "<group>"; };
		5BE2CA941C71DAA9007D9841 /* MyCookcate.swift */ = {isa = PBXFileReference; fileEncoding = 4; lastKnownFileType = sourcecode.swift; path = MyCookcate.swift; sourceTree = "<group>"; };
		5BE2CA9B1C71E9F0007D9841 /* MySecondCookcateViewController.swift */ = {isa = PBXFileReference; fileEncoding = 4; lastKnownFileType = sourcecode.swift; path = MySecondCookcateViewController.swift; sourceTree = "<group>"; };
		5BE2CA9D1C71EE91007D9841 /* MyCookBookListViewController.swift */ = {isa = PBXFileReference; fileEncoding = 4; lastKnownFileType = sourcecode.swift; path = MyCookBookListViewController.swift; sourceTree = "<group>"; };
		5BE2CA9F1C71F1A4007D9841 /* MyCookBook.swift */ = {isa = PBXFileReference; fileEncoding = 4; lastKnownFileType = sourcecode.swift; path = MyCookBook.swift; sourceTree = "<group>"; };
		5BE2CAA11C71FD04007D9841 /* MyCookBookDetailViewController.swift */ = {isa = PBXFileReference; fileEncoding = 4; lastKnownFileType = sourcecode.swift; path = MyCookBookDetailViewController.swift; sourceTree = "<group>"; };
		5BF4898D1C7F3EF5002A18F5 /* MyCookBookListItemCell.swift */ = {isa = PBXFileReference; fileEncoding = 4; lastKnownFileType = sourcecode.swift; path = MyCookBookListItemCell.swift; sourceTree = "<group>"; };
/* End PBXFileReference section */

/* Begin PBXFrameworksBuildPhase section */
		5BD4BE791C71951A005DDA23 /* Frameworks */ = {
			isa = PBXFrameworksBuildPhase;
			buildActionMask = 2147483647;
			files = (
			);
			runOnlyForDeploymentPostprocessing = 0;
		};
		5BD4BE8D1C71951A005DDA23 /* Frameworks */ = {
			isa = PBXFrameworksBuildPhase;
			buildActionMask = 2147483647;
			files = (
			);
			runOnlyForDeploymentPostprocessing = 0;
		};
		5BD4BE981C71951A005DDA23 /* Frameworks */ = {
			isa = PBXFrameworksBuildPhase;
			buildActionMask = 2147483647;
			files = (
			);
			runOnlyForDeploymentPostprocessing = 0;
		};
/* End PBXFrameworksBuildPhase section */

/* Begin PBXGroup section */
		5BD4BE731C71951A005DDA23 = {
			isa = PBXGroup;
			children = (
				5BD4BE7E1C71951A005DDA23 /* MyAppTest */,
				5BD4BE931C71951A005DDA23 /* MyAppTestTests */,
				5BD4BE9E1C71951A005DDA23 /* MyAppTestUITests */,
				5BD4BE7D1C71951A005DDA23 /* Products */,
			);
			sourceTree = "<group>";
		};
		5BD4BE7D1C71951A005DDA23 /* Products */ = {
			isa = PBXGroup;
			children = (
				5BD4BE7C1C71951A005DDA23 /* MyAppTest.app */,
				5BD4BE901C71951A005DDA23 /* MyAppTestTests.xctest */,
				5BD4BE9B1C71951A005DDA23 /* MyAppTestUITests.xctest */,
			);
			name = Products;
			sourceTree = "<group>";
		};
		5BD4BE7E1C71951A005DDA23 /* MyAppTest */ = {
			isa = PBXGroup;
			children = (
				5BE2CAA31C721B18007D9841 /* AFNet+UIKit */,
				5BD4BED01C719998005DDA23 /* AFNet */,
				5BD4BEC21C719865005DDA23 /* Datas */,
				5BD4BEC11C719842005DDA23 /* APP */,
				5BD4BEC01C71980D005DDA23 /* Controllers */,
				5BD4BE831C71951A005DDA23 /* Main.storyboard */,
				5BD4BE861C71951A005DDA23 /* Assets.xcassets */,
				5BD4BE881C71951A005DDA23 /* LaunchScreen.storyboard */,
				5BD4BE8B1C71951A005DDA23 /* Info.plist */,
				5BD4BECC1C719982005DDA23 /* MyAppTest-Bridging-Header.h */,
			);
			path = MyAppTest;
			sourceTree = "<group>";
		};
		5BD4BE931C71951A005DDA23 /* MyAppTestTests */ = {
			isa = PBXGroup;
			children = (
				5BD4BE941C71951A005DDA23 /* MyAppTestTests.swift */,
				5BD4BE961C71951A005DDA23 /* Info.plist */,
			);
			path = MyAppTestTests;
			sourceTree = "<group>";
		};
		5BD4BE9E1C71951A005DDA23 /* MyAppTestUITests */ = {
			isa = PBXGroup;
			children = (
				5BD4BE9F1C71951A005DDA23 /* MyAppTestUITests.swift */,
				5BD4BEA11C71951A005DDA23 /* Info.plist */,
			);
			path = MyAppTestUITests;
			sourceTree = "<group>";
		};
		5BD4BEC01C71980D005DDA23 /* Controllers */ = {
			isa = PBXGroup;
			children = (
				5BE2CAA11C71FD04007D9841 /* MyCookBookDetailViewController.swift */,
				5BF4898D1C7F3EF5002A18F5 /* MyCookBookListItemCell.swift */,
				5BE2CA9D1C71EE91007D9841 /* MyCookBookListViewController.swift */,
				5BC113F71C72D971000555E0 /* MyFoodDetailViewController.swift */,
				5BC113F51C72D51B000555E0 /* MyFoodListViewController.swift */,
				5BE2CA9B1C71E9F0007D9841 /* MySecondCookcateViewController.swift */,
				5BD4BE811C71951A005DDA23 /* ViewController.swift */,
			);
			name = Controllers;
			sourceTree = "<group>";
		};
		5BD4BEC11C719842005DDA23 /* APP */ = {
			isa = PBXGroup;
			children = (
				5BD4BE7F1C71951A005DDA23 /* AppDelegate.swift */,
			);
			name = APP;
			sourceTree = "<group>";
		};
		5BD4BEC21C719865005DDA23 /* Datas */ = {
			isa = PBXGroup;
			children = (
				5BE2CA921C71AB94007D9841 /* MyHTTPManager.swift */,
				5BE2CA941C71DAA9007D9841 /* MyCookcate.swift */,
				5BE2CA9F1C71F1A4007D9841 /* MyCookBook.swift */,
			);
			name = Datas;
			sourceTree = "<group>";
		};
		5BD4BED01C719998005DDA23 /* AFNet */ = {
			isa = PBXGroup;
			children = (
				5BD4BED11C7199B4005DDA23 /* AFHTTPSessionManager.h */,
				5BD4BED21C7199B4005DDA23 /* AFHTTPSessionManager.m */,
				5BD4BED31C7199B4005DDA23 /* AFNetworkReachabilityManager.h */,
				5BD4BED41C7199B4005DDA23 /* AFNetworkReachabilityManager.m */,
				5BD4BED51C7199B4005DDA23 /* AFSecurityPolicy.h */,
				5BD4BED61C7199B4005DDA23 /* AFSecurityPolicy.m */,
				5BD4BED71C7199B4005DDA23 /* AFURLRequestSerialization.h */,
				5BD4BED81C7199B4005DDA23 /* AFURLRequestSerialization.m */,
				5BD4BED91C7199B4005DDA23 /* AFURLResponseSerialization.h */,
				5BD4BEDA1C7199B4005DDA23 /* AFURLResponseSerialization.m */,
				5BD4BEDB1C7199B4005DDA23 /* AFURLSessionManager.h */,
				5BD4BEDC1C7199B4005DDA23 /* AFURLSessionManager.m */,
			);
			name = AFNet;
			sourceTree = "<group>";
		};
		5BE2CAA31C721B18007D9841 /* AFNet+UIKit */ = {
			isa = PBXGroup;
			children = (
				5BDA1DF21C72208B00C37AAB /* AFAutoPurgingImageCache.h */,
				5BDA1DF31C72208B00C37AAB /* AFAutoPurgingImageCache.m */,
				5BDA1DF41C72208B00C37AAB /* AFImageDownloader.h */,
				5BDA1DF51C72208B00C37AAB /* AFImageDownloader.m */,
				5BDA1DF61C72208B00C37AAB /* AFNetworkActivityIndicatorManager.h */,
				5BDA1DF71C72208B00C37AAB /* AFNetworkActivityIndicatorManager.m */,
				5BDA1DF81C72208B00C37AAB /* UIActivityIndicatorView+AFNetworking.h */,
				5BDA1DF91C72208B00C37AAB /* UIActivityIndicatorView+AFNetworking.m */,
				5BDA1DFA1C72208B00C37AAB /* UIButton+AFNetworking.h */,
				5BDA1DFB1C72208B00C37AAB /* UIButton+AFNetworking.m */,
				5BDA1DFC1C72208B00C37AAB /* UIImage+AFNetworking.h */,
				5BDA1DFD1C72208B00C37AAB /* UIImageView+AFNetworking.h */,
				5BDA1DFE1C72208B00C37AAB /* UIImageView+AFNetworking.m */,
				5BDA1DFF1C72208B00C37AAB /* UIKit+AFNetworking.h */,
				5BDA1E001C72208B00C37AAB /* UIProgressView+AFNetworking.h */,
				5BDA1E011C72208B00C37AAB /* UIProgressView+AFNetworking.m */,
				5BDA1E021C72208B00C37AAB /* UIRefreshControl+AFNetworking.h */,
				5BDA1E031C72208B00C37AAB /* UIRefreshControl+AFNetworking.m */,
				5BDA1E041C72208B00C37AAB /* UIWebView+AFNetworking.h */,
				5BDA1E051C72208B00C37AAB /* UIWebView+AFNetworking.m */,
			);
			name = "AFNet+UIKit";
			sourceTree = "<group>";
		};
/* End PBXGroup section */

/* Begin PBXNativeTarget section */
		5BD4BE7B1C71951A005DDA23 /* MyAppTest */ = {
			isa = PBXNativeTarget;
			buildConfigurationList = 5BD4BEA41C71951A005DDA23 /* Build configuration list for PBXNativeTarget "MyAppTest" */;
			buildPhases = (
				5BD4BE781C71951A005DDA23 /* Sources */,
				5BD4BE791C71951A005DDA23 /* Frameworks */,
				5BD4BE7A1C71951A005DDA23 /* Resources */,
			);
			buildRules = (
			);
			dependencies = (
			);
			name = MyAppTest;
			productName = MyAppTest;
			productReference = 5BD4BE7C1C71951A005DDA23 /* MyAppTest.app */;
			productType = "com.apple.product-type.application";
		};
		5BD4BE8F1C71951A005DDA23 /* MyAppTestTests */ = {
			isa = PBXNativeTarget;
			buildConfigurationList = 5BD4BEA71C71951A005DDA23 /* Build configuration list for PBXNativeTarget "MyAppTestTests" */;
			buildPhases = (
				5BD4BE8C1C71951A005DDA23 /* Sources */,
				5BD4BE8D1C71951A005DDA23 /* Frameworks */,
				5BD4BE8E1C71951A005DDA23 /* Resources */,
			);
			buildRules = (
			);
			dependencies = (
				5BD4BE921C71951A005DDA23 /* PBXTargetDependency */,
			);
			name = MyAppTestTests;
			productName = MyAppTestTests;
			productReference = 5BD4BE901C71951A005DDA23 /* MyAppTestTests.xctest */;
			productType = "com.apple.product-type.bundle.unit-test";
		};
		5BD4BE9A1C71951A005DDA23 /* MyAppTestUITests */ = {
			isa = PBXNativeTarget;
			buildConfigurationList = 5BD4BEAA1C71951A005DDA23 /* Build configuration list for PBXNativeTarget "MyAppTestUITests" */;
			buildPhases = (
				5BD4BE971C71951A005DDA23 /* Sources */,
				5BD4BE981C71951A005DDA23 /* Frameworks */,
				5BD4BE991C71951A005DDA23 /* Resources */,
			);
			buildRules = (
			);
			dependencies = (
				5BD4BE9D1C71951A005DDA23 /* PBXTargetDependency */,
			);
			name = MyAppTestUITests;
			productName = MyAppTestUITests;
			productReference = 5BD4BE9B1C71951A005DDA23 /* MyAppTestUITests.xctest */;
			productType = "com.apple.product-type.bundle.ui-testing";
		};
/* End PBXNativeTarget section */

/* Begin PBXProject section */
		5BD4BE741C71951A005DDA23 /* Project object */ = {
			isa = PBXProject;
			attributes = {
				CLASSPREFIX = My;
				LastSwiftUpdateCheck = 0720;
				LastUpgradeCheck = 0720;
				ORGANIZATIONNAME = yzy;
				TargetAttributes = {
					5BD4BE7B1C71951A005DDA23 = {
						CreatedOnToolsVersion = 7.2.1;
						DevelopmentTeam = 7B5RHE2H8A;
					};
					5BD4BE8F1C71951A005DDA23 = {
						CreatedOnToolsVersion = 7.2.1;
						TestTargetID = 5BD4BE7B1C71951A005DDA23;
					};
					5BD4BE9A1C71951A005DDA23 = {
						CreatedOnToolsVersion = 7.2.1;
						TestTargetID = 5BD4BE7B1C71951A005DDA23;
					};
				};
			};
			buildConfigurationList = 5BD4BE771C71951A005DDA23 /* Build configuration list for PBXProject "MyAppTest" */;
			compatibilityVersion = "Xcode 3.2";
			developmentRegion = English;
			hasScannedForEncodings = 0;
			knownRegions = (
				en,
				Base,
			);
			mainGroup = 5BD4BE731C71951A005DDA23;
			productRefGroup = 5BD4BE7D1C71951A005DDA23 /* Products */;
			projectDirPath = "";
			projectRoot = "";
			targets = (
				5BD4BE7B1C71951A005DDA23 /* MyAppTest */,
				5BD4BE8F1C71951A005DDA23 /* MyAppTestTests */,
				5BD4BE9A1C71951A005DDA23 /* MyAppTestUITests */,
			);
		};
/* End PBXProject section */

/* Begin PBXResourcesBuildPhase section */
		5BD4BE7A1C71951A005DDA23 /* Resources */ = {
			isa = PBXResourcesBuildPhase;
			buildActionMask = 2147483647;
			files = (
				5BD4BE8A1C71951A005DDA23 /* LaunchScreen.storyboard in Resources */,
				5BD4BE871C71951A005DDA23 /* Assets.xcassets in Resources */,
				5BD4BE851C71951A005DDA23 /* Main.storyboard in Resources */,
			);
			runOnlyForDeploymentPostprocessing = 0;
		};
		5BD4BE8E1C71951A005DDA23 /* Resources */ = {
			isa = PBXResourcesBuildPhase;
			buildActionMask = 2147483647;
			files = (
			);
			runOnlyForDeploymentPostprocessing = 0;
		};
		5BD4BE991C71951A005DDA23 /* Resources */ = {
			isa = PBXResourcesBuildPhase;
			buildActionMask = 2147483647;
			files = (
			);
			runOnlyForDeploymentPostprocessing = 0;
		};
/* End PBXResourcesBuildPhase section */

/* Begin PBXSourcesBuildPhase section */
		5BD4BE781C71951A005DDA23 /* Sources */ = {
			isa = PBXSourcesBuildPhase;
			buildActionMask = 2147483647;
			files = (
				5BDA1E061C72208B00C37AAB /* AFAutoPurgingImageCache.m in Sources */,
				5BE2CA951C71DAA9007D9841 /* MyCookcate.swift in Sources */,
				5BD4BEDD1C7199B4005DDA23 /* AFHTTPSessionManager.m in Sources */,
				5BE2CA9E1C71EE91007D9841 /* MyCookBookListViewController.swift in Sources */,
				5BD4BEE21C7199B4005DDA23 /* AFURLSessionManager.m in Sources */,
				5BC113F81C72D971000555E0 /* MyFoodDetailViewController.swift in Sources */,
				5BD4BEDF1C7199B4005DDA23 /* AFSecurityPolicy.m in Sources */,
				5BDA1E091C72208B00C37AAB /* UIActivityIndicatorView+AFNetworking.m in Sources */,
				5BDA1E0C1C72208B00C37AAB /* UIProgressView+AFNetworking.m in Sources */,
				5BE2CAA01C71F1A4007D9841 /* MyCookBook.swift in Sources */,
				5BDA1E081C72208B00C37AAB /* AFNetworkActivityIndicatorManager.m in Sources */,
				5BDA1E071C72208B00C37AAB /* AFImageDownloader.m in Sources */,
				5BDA1E0A1C72208B00C37AAB /* UIButton+AFNetworking.m in Sources */,
				5BDA1E0B1C72208B00C37AAB /* UIImageView+AFNetworking.m in Sources */,
				5BF4898E1C7F3EF5002A18F5 /* MyCookBookListItemCell.swift in Sources */,
				5BD4BE821C71951A005DDA23 /* ViewController.swift in Sources */,
				5BD4BEE01C7199B4005DDA23 /* AFURLRequestSerialization.m in Sources */,
				5BE2CAA21C71FD04007D9841 /* MyCookBookDetailViewController.swift in Sources */,
				5BDA1E0E1C72208B00C37AAB /* UIWebView+AFNetworking.m in Sources */,
				5BE2CA9C1C71E9F0007D9841 /* MySecondCookcateViewController.swift in Sources */,
				5BC113F61C72D51B000555E0 /* MyFoodListViewController.swift in Sources */,
				5BD4BEDE1C7199B4005DDA23 /* AFNetworkReachabilityManager.m in Sources */,
				5BDA1E0D1C72208B00C37AAB /* UIRefreshControl+AFNetworking.m in Sources */,
				5BE2CA931C71AB94007D9841 /* MyHTTPManager.swift in Sources */,
				5BD4BEE11C7199B4005DDA23 /* AFURLResponseSerialization.m in Sources */,
				5BD4BE801C71951A005DDA23 /* AppDelegate.swift in Sources */,
			);
			runOnlyForDeploymentPostprocessing = 0;
		};
		5BD4BE8C1C71951A005DDA23 /* Sources */ = {
			isa = PBXSourcesBuildPhase;
			buildActionMask = 2147483647;
			files = (
				5BD4BE951C71951A005DDA23 /* MyAppTestTests.swift in Sources */,
			);
			runOnlyForDeploymentPostprocessing = 0;
		};
		5BD4BE971C71951A005DDA23 /* Sources */ = {
			isa = PBXSourcesBuildPhase;
			buildActionMask = 2147483647;
			files = (
				5BD4BEA01C71951A005DDA23 /* MyAppTestUITests.swift in Sources */,
			);
			runOnlyForDeploymentPostprocessing = 0;
		};
/* End PBXSourcesBuildPhase section */

/* Begin PBXTargetDependency section */
		5BD4BE921C71951A005DDA23 /* PBXTargetDependency */ = {
			isa = PBXTargetDependency;
			target = 5BD4BE7B1C71951A005DDA23 /* MyAppTest */;
			targetProxy = 5BD4BE911C71951A005DDA23 /* PBXContainerItemProxy */;
		};
		5BD4BE9D1C71951A005DDA23 /* PBXTargetDependency */ = {
			isa = PBXTargetDependency;
			target = 5BD4BE7B1C71951A005DDA23 /* MyAppTest */;
			targetProxy = 5BD4BE9C1C71951A005DDA23 /* PBXContainerItemProxy */;
		};
/* End PBXTargetDependency section */

/* Begin PBXVariantGroup section */
		5BD4BE831C71951A005DDA23 /* Main.storyboard */ = {
			isa = PBXVariantGroup;
			children = (
				5BD4BE841C71951A005DDA23 /* Base */,
			);
			name = Main.storyboard;
			sourceTree = "<group>";
		};
		5BD4BE881C71951A005DDA23 /* LaunchScreen.storyboard */ = {
			isa = PBXVariantGroup;
			children = (
				5BD4BE891C71951A005DDA23 /* Base */,
			);
			name = LaunchScreen.storyboard;
			sourceTree = "<group>";
		};
/* End PBXVariantGroup section */

/* Begin XCBuildConfiguration section */
		5BD4BEA21C71951A005DDA23 /* Debug */ = {
			isa = XCBuildConfiguration;
			buildSettings = {
				ALWAYS_SEARCH_USER_PATHS = NO;
				CLANG_CXX_LANGUAGE_STANDARD = "gnu++0x";
				CLANG_CXX_LIBRARY = "libc++";
				CLANG_ENABLE_MODULES = YES;
				CLANG_ENABLE_OBJC_ARC = YES;
				CLANG_WARN_BOOL_CONVERSION = YES;
				CLANG_WARN_CONSTANT_CONVERSION = YES;
				CLANG_WARN_DIRECT_OBJC_ISA_USAGE = YES_ERROR;
				CLANG_WARN_EMPTY_BODY = YES;
				CLANG_WARN_ENUM_CONVERSION = YES;
				CLANG_WARN_INT_CONVERSION = YES;
				CLANG_WARN_OBJC_ROOT_CLASS = YES_ERROR;
				CLANG_WARN_UNREACHABLE_CODE = YES;
				CLANG_WARN__DUPLICATE_METHOD_MATCH = YES;
				"CODE_SIGN_IDENTITY[sdk=iphoneos*]" = "iPhone Developer";
				COPY_PHASE_STRIP = NO;
				DEBUG_INFORMATION_FORMAT = dwarf;
				ENABLE_STRICT_OBJC_MSGSEND = YES;
				ENABLE_TESTABILITY = YES;
				GCC_C_LANGUAGE_STANDARD = gnu99;
				GCC_DYNAMIC_NO_PIC = NO;
				GCC_NO_COMMON_BLOCKS = YES;
				GCC_OPTIMIZATION_LEVEL = 0;
				GCC_PREPROCESSOR_DEFINITIONS = (
					"DEBUG=1",
					"$(inherited)",
				);
				GCC_WARN_64_TO_32_BIT_CONVERSION = YES;
				GCC_WARN_ABOUT_RETURN_TYPE = YES_ERROR;
				GCC_WARN_UNDECLARED_SELECTOR = YES;
				GCC_WARN_UNINITIALIZED_AUTOS = YES_AGGRESSIVE;
				GCC_WARN_UNUSED_FUNCTION = YES;
				GCC_WARN_UNUSED_VARIABLE = YES;
				IPHONEOS_DEPLOYMENT_TARGET = 9.2;
				MTL_ENABLE_DEBUG_INFO = YES;
				ONLY_ACTIVE_ARCH = YES;
				SDKROOT = iphoneos;
				SWIFT_OPTIMIZATION_LEVEL = "-Onone";
				TARGETED_DEVICE_FAMILY = "1,2";
			};
			name = Debug;
		};
		5BD4BEA31C71951A005DDA23 /* Release */ = {
			isa = XCBuildConfiguration;
			buildSettings = {
				ALWAYS_SEARCH_USER_PATHS = NO;
				CLANG_CXX_LANGUAGE_STANDARD = "gnu++0x";
				CLANG_CXX_LIBRARY = "libc++";
				CLANG_ENABLE_MODULES = YES;
				CLANG_ENABLE_OBJC_ARC = YES;
				CLANG_WARN_BOOL_CONVERSION = YES;
				CLANG_WARN_CONSTANT_CONVERSION = YES;
				CLANG_WARN_DIRECT_OBJC_ISA_USAGE = YES_ERROR;
				CLANG_WARN_EMPTY_BODY = YES;
				CLANG_WARN_ENUM_CONVERSION = YES;
				CLANG_WARN_INT_CONVERSION = YES;
				CLANG_WARN_OBJC_ROOT_CLASS = YES_ERROR;
				CLANG_WARN_UNREACHABLE_CODE = YES;
				CLANG_WARN__DUPLICATE_METHOD_MATCH = YES;
				"CODE_SIGN_IDENTITY[sdk=iphoneos*]" = "iPhone Developer";
				COPY_PHASE_STRIP = NO;
				DEBUG_INFORMATION_FORMAT = "dwarf-with-dsym";
				ENABLE_NS_ASSERTIONS = NO;
				ENABLE_STRICT_OBJC_MSGSEND = YES;
				GCC_C_LANGUAGE_STANDARD = gnu99;
				GCC_NO_COMMON_BLOCKS = YES;
				GCC_WARN_64_TO_32_BIT_CONVERSION = YES;
				GCC_WARN_ABOUT_RETURN_TYPE = YES_ERROR;
				GCC_WARN_UNDECLARED_SELECTOR = YES;
				GCC_WARN_UNINITIALIZED_AUTOS = YES_AGGRESSIVE;
				GCC_WARN_UNUSED_FUNCTION = YES;
				GCC_WARN_UNUSED_VARIABLE = YES;
				IPHONEOS_DEPLOYMENT_TARGET = 9.2;
				MTL_ENABLE_DEBUG_INFO = NO;
				SDKROOT = iphoneos;
				TARGETED_DEVICE_FAMILY = "1,2";
				VALIDATE_PRODUCT = YES;
			};
			name = Release;
		};
		5BD4BEA51C71951A005DDA23 /* Debug */ = {
			isa = XCBuildConfiguration;
			buildSettings = {
				ASSETCATALOG_COMPILER_APPICON_NAME = AppIcon;
				CLANG_ENABLE_MODULES = YES;
				CODE_SIGN_IDENTITY = "iPhone Developer";
				INFOPLIST_FILE = MyAppTest/Info.plist;
				LD_RUNPATH_SEARCH_PATHS = "$(inherited) @executable_path/Frameworks";
				PRODUCT_BUNDLE_IDENTIFIER = yzy.MyAppTest;
				PRODUCT_NAME = "$(TARGET_NAME)";
				SWIFT_OBJC_BRIDGING_HEADER = "MyAppTest/MyAppTest-Bridging-Header.h";
				SWIFT_OPTIMIZATION_LEVEL = "-Onone";
				TARGETED_DEVICE_FAMILY = 1;
			};
			name = Debug;
		};
		5BD4BEA61C71951A005DDA23 /* Release */ = {
			isa = XCBuildConfiguration;
			buildSettings = {
				ASSETCATALOG_COMPILER_APPICON_NAME = AppIcon;
				CLANG_ENABLE_MODULES = YES;
				CODE_SIGN_IDENTITY = "iPhone Developer";
				INFOPLIST_FILE = MyAppTest/Info.plist;
				LD_RUNPATH_SEARCH_PATHS = "$(inherited) @executable_path/Frameworks";
				PRODUCT_BUNDLE_IDENTIFIER = yzy.MyAppTest;
				PRODUCT_NAME = "$(TARGET_NAME)";
				SWIFT_OBJC_BRIDGING_HEADER = "MyAppTest/MyAppTest-Bridging-Header.h";
				TARGETED_DEVICE_FAMILY = 1;
			};
			name = Release;
		};
		5BD4BEA81C71951A005DDA23 /* Debug */ = {
			isa = XCBuildConfiguration;
			buildSettings = {
				BUNDLE_LOADER = "$(TEST_HOST)";
				INFOPLIST_FILE = MyAppTestTests/Info.plist;
				LD_RUNPATH_SEARCH_PATHS = "$(inherited) @executable_path/Frameworks @loader_path/Frameworks";
				PRODUCT_BUNDLE_IDENTIFIER = yzy.MyAppTestTests;
				PRODUCT_NAME = "$(TARGET_NAME)";
				TEST_HOST = "$(BUILT_PRODUCTS_DIR)/MyAppTest.app/MyAppTest";
			};
			name = Debug;
		};
		5BD4BEA91C71951A005DDA23 /* Release */ = {
			isa = XCBuildConfiguration;
			buildSettings = {
				BUNDLE_LOADER = "$(TEST_HOST)";
				INFOPLIST_FILE = MyAppTestTests/Info.plist;
				LD_RUNPATH_SEARCH_PATHS = "$(inherited) @executable_path/Frameworks @loader_path/Frameworks";
				PRODUCT_BUNDLE_IDENTIFIER = yzy.MyAppTestTests;
				PRODUCT_NAME = "$(TARGET_NAME)";
				TEST_HOST = "$(BUILT_PRODUCTS_DIR)/MyAppTest.app/MyAppTest";
			};
			name = Release;
		};
		5BD4BEAB1C71951A005DDA23 /* Debug */ = {
			isa = XCBuildConfiguration;
			buildSettings = {
				INFOPLIST_FILE = MyAppTestUITests/Info.plist;
				LD_RUNPATH_SEARCH_PATHS = "$(inherited) @executable_path/Frameworks @loader_path/Frameworks";
				PRODUCT_BUNDLE_IDENTIFIER = yzy.MyAppTestUITests;
				PRODUCT_NAME = "$(TARGET_NAME)";
				TEST_TARGET_NAME = MyAppTest;
				USES_XCTRUNNER = YES;
			};
			name = Debug;
		};
		5BD4BEAC1C71951A005DDA23 /* Release */ = {
			isa = XCBuildConfiguration;
			buildSettings = {
				INFOPLIST_FILE = MyAppTestUITests/Info.plist;
				LD_RUNPATH_SEARCH_PATHS = "$(inherited) @executable_path/Frameworks @loader_path/Frameworks";
				PRODUCT_BUNDLE_IDENTIFIER = yzy.MyAppTestUITests;
				PRODUCT_NAME = "$(TARGET_NAME)";
				TEST_TARGET_NAME = MyAppTest;
				USES_XCTRUNNER = YES;
			};
			name = Release;
		};
/* End XCBuildConfiguration section */

/* Begin XCConfigurationList section */
		5BD4BE771C71951A005DDA23 /* Build configuration list for PBXProject "MyAppTest" */ = {
			isa = XCConfigurationList;
			buildConfigurations = (
				5BD4BEA21C71951A005DDA23 /* Debug */,
				5BD4BEA31C71951A005DDA23 /* Release */,
			);
			defaultConfigurationIsVisible = 0;
			defaultConfigurationName = Release;
		};
		5BD4BEA41C71951A005DDA23 /* Build configuration list for PBXNativeTarget "MyAppTest" */ = {
			isa = XCConfigurationList;
			buildConfigurations = (
				5BD4BEA51C71951A005DDA23 /* Debug */,
				5BD4BEA61C71951A005DDA23 /* Release */,
			);
			defaultConfigurationIsVisible = 0;
			defaultConfigurationName = Release;
		};
		5BD4BEA71C71951A005DDA23 /* Build configuration list for PBXNativeTarget "MyAppTestTests" */ = {
			isa = XCConfigurationList;
			buildConfigurations = (
				5BD4BEA81C71951A005DDA23 /* Debug */,
				5BD4BEA91C71951A005DDA23 /* Release */,
			);
			defaultConfigurationIsVisible = 0;
			defaultConfigurationName = Release;
		};
		5BD4BEAA1C71951A005DDA23 /* Build configuration list for PBXNativeTarget "MyAppTestUITests" */ = {
			isa = XCConfigurationList;
			buildConfigurations = (
				5BD4BEAB1C71951A005DDA23 /* Debug */,
				5BD4BEAC1C71951A005DDA23 /* Release */,
			);
			defaultConfigurationIsVisible = 0;
			defaultConfigurationName = Release;
		};
/* End XCConfigurationList section */
	};
	rootObject = 5BD4BE741C71951A005DDA23 /* Project object */;
}
